
Microsoft Visual Studio Solution File, Format Version 12.00
# Visual Studio Version 17
VisualStudioVersion = 17.12.35506.116 d17.12
MinimumVisualStudioVersion = 10.0.40219.1
Project("{FAE04EC0-301F-11D3-BF4B-00C04F79EFBC}") = "age verification and ctrl flow", "age verification and ctrl flow.csproj", "{DC8F3DCD-1E70-4217-AC33-38BC0B2D832B}"
EndProject
Global
	GlobalSection(SolutionConfigurationPlatforms) = preSolution
		Debug|Any CPU = Debug|Any CPU
		Release|Any CPU = Release|Any CPU
	EndGlobalSection
	GlobalSection(ProjectConfigurationPlatforms) = postSolution
		{DC8F3DCD-1E70-4217-AC33-38BC0B2D832B}.Debug|Any CPU.ActiveCfg = Debug|Any CPU
		{DC8F3DCD-1E70-4217-AC33-38BC0B2D832B}.Debug|Any CPU.Build.0 = Debug|Any CPU
		{DC8F3DCD-1E70-4217-AC33-38BC0B2D832B}.Release|Any CPU.ActiveCfg = Release|Any CPU
		{DC8F3DCD-1E70-4217-AC33-38BC0B2D832B}.Release|Any CPU.Build.0 = Release|Any CPU
	EndGlobalSection
	GlobalSection(SolutionProperties) = preSolution
		HideSolutionNode = FALSE
	EndGlobalSection
EndGlobal
